
Microsoft Visual Studio Solution File, Format Version 12.00
# Visual Studio Version 16
VisualStudioVersion = 16.0.30413.136
MinimumVisualStudioVersion = 10.0.40219.1
Project("{FAE04EC0-301F-11D3-BF4B-00C04F79EFBC}") = "Морской Бой", "Морской Бой\Морской Бой.csproj", "{CC3B6FAB-0E41-4577-A6AF-1991FDD17C41}"
EndProject
Global
	GlobalSection(SolutionConfigurationPlatforms) = preSolution
		Debug|Any CPU = Debug|Any CPU
		Release|Any CPU = Release|Any CPU
	EndGlobalSection
	GlobalSection(ProjectConfigurationPlatforms) = postSolution
		{CC3B6FAB-0E41-4577-A6AF-1991FDD17C41}.Debug|Any CPU.ActiveCfg = Debug|Any CPU
		{CC3B6FAB-0E41-4577-A6AF-1991FDD17C41}.Debug|Any CPU.Build.0 = Debug|Any CPU
		{CC3B6FAB-0E41-4577-A6AF-1991FDD17C41}.Release|Any CPU.ActiveCfg = Release|Any CPU
		{CC3B6FAB-0E41-4577-A6AF-1991FDD17C41}.Release|Any CPU.Build.0 = Release|Any CPU
	EndGlobalSection
	GlobalSection(SolutionProperties) = preSolution
		HideSolutionNode = FALSE
	EndGlobalSection
	GlobalSection(ExtensibilityGlobals) = postSolution
		SolutionGuid = {6B877C8E-1D7A-4278-AD19-562AC8BE03D7}
	EndGlobalSection
EndGlobal
