
Microsoft Visual Studio Solution File, Format Version 12.00
# Visual Studio Version 16
VisualStudioVersion = 16.0.30011.22
MinimumVisualStudioVersion = 10.0.40219.1
Project("{FAE04EC0-301F-11D3-BF4B-00C04F79EFBC}") = "Магазин", "Магазин\Магазин.csproj", "{ECABDEBF-CD97-4C4E-9466-D0777FA9B7ED}"
EndProject
Global
	GlobalSection(SolutionConfigurationPlatforms) = preSolution
		Debug|Any CPU = Debug|Any CPU
		Release|Any CPU = Release|Any CPU
	EndGlobalSection
	GlobalSection(ProjectConfigurationPlatforms) = postSolution
		{ECABDEBF-CD97-4C4E-9466-D0777FA9B7ED}.Debug|Any CPU.ActiveCfg = Debug|Any CPU
		{ECABDEBF-CD97-4C4E-9466-D0777FA9B7ED}.Debug|Any CPU.Build.0 = Debug|Any CPU
		{ECABDEBF-CD97-4C4E-9466-D0777FA9B7ED}.Release|Any CPU.ActiveCfg = Release|Any CPU
		{ECABDEBF-CD97-4C4E-9466-D0777FA9B7ED}.Release|Any CPU.Build.0 = Release|Any CPU
	EndGlobalSection
	GlobalSection(SolutionProperties) = preSolution
		HideSolutionNode = FALSE
	EndGlobalSection
	GlobalSection(ExtensibilityGlobals) = postSolution
		SolutionGuid = {87492169-2EEB-45C6-99B4-4DB584F8CF8B}
	EndGlobalSection
EndGlobal
