
Microsoft Visual Studio Solution File, Format Version 12.00
# Visual Studio Version 16
VisualStudioVersion = 16.0.30413.136
MinimumVisualStudioVersion = 10.0.40219.1
Project("{FAE04EC0-301F-11D3-BF4B-00C04F79EFBC}") = "Сукобана", "Сукобана\Сукобана.csproj", "{E82CA777-D6BE-4E42-8B11-76FA0A163460}"
EndProject
Global
	GlobalSection(SolutionConfigurationPlatforms) = preSolution
		Debug|Any CPU = Debug|Any CPU
		Release|Any CPU = Release|Any CPU
	EndGlobalSection
	GlobalSection(ProjectConfigurationPlatforms) = postSolution
		{E82CA777-D6BE-4E42-8B11-76FA0A163460}.Debug|Any CPU.ActiveCfg = Debug|Any CPU
		{E82CA777-D6BE-4E42-8B11-76FA0A163460}.Debug|Any CPU.Build.0 = Debug|Any CPU
		{E82CA777-D6BE-4E42-8B11-76FA0A163460}.Release|Any CPU.ActiveCfg = Release|Any CPU
		{E82CA777-D6BE-4E42-8B11-76FA0A163460}.Release|Any CPU.Build.0 = Release|Any CPU
	EndGlobalSection
	GlobalSection(SolutionProperties) = preSolution
		HideSolutionNode = FALSE
	EndGlobalSection
	GlobalSection(ExtensibilityGlobals) = postSolution
		SolutionGuid = {72832A97-0462-48C8-A34B-48F62C94992B}
	EndGlobalSection
EndGlobal
