
Microsoft Visual Studio Solution File, Format Version 12.00
# Visual Studio Version 16
VisualStudioVersion = 16.0.30413.136
MinimumVisualStudioVersion = 10.0.40219.1
Project("{FAE04EC0-301F-11D3-BF4B-00C04F79EFBC}") = "LevRPG", "LevRPG.csproj", "{ECA58014-3534-4EDE-BF77-45F1A18A78F3}"
EndProject
Global
	GlobalSection(SolutionConfigurationPlatforms) = preSolution
		Debug|Any CPU = Debug|Any CPU
		Release|Any CPU = Release|Any CPU
	EndGlobalSection
	GlobalSection(ProjectConfigurationPlatforms) = postSolution
		{ECA58014-3534-4EDE-BF77-45F1A18A78F3}.Debug|Any CPU.ActiveCfg = Debug|Any CPU
		{ECA58014-3534-4EDE-BF77-45F1A18A78F3}.Debug|Any CPU.Build.0 = Debug|Any CPU
		{ECA58014-3534-4EDE-BF77-45F1A18A78F3}.Release|Any CPU.ActiveCfg = Release|Any CPU
		{ECA58014-3534-4EDE-BF77-45F1A18A78F3}.Release|Any CPU.Build.0 = Release|Any CPU
	EndGlobalSection
	GlobalSection(SolutionProperties) = preSolution
		HideSolutionNode = FALSE
	EndGlobalSection
	GlobalSection(ExtensibilityGlobals) = postSolution
		SolutionGuid = {4908A1F2-F8D3-43D6-8EEB-07C1EE4E4F62}
	EndGlobalSection
EndGlobal
