
Microsoft Visual Studio Solution File, Format Version 12.00
# Visual Studio Version 16
VisualStudioVersion = 16.0.30413.136
MinimumVisualStudioVersion = 10.0.40219.1
Project("{FAE04EC0-301F-11D3-BF4B-00C04F79EFBC}") = "homvork3(", "homvork3(\homvork3(.csproj", "{56661862-8320-4C17-9968-F1F706397D7B}"
EndProject
Global
	GlobalSection(SolutionConfigurationPlatforms) = preSolution
		Debug|Any CPU = Debug|Any CPU
		Release|Any CPU = Release|Any CPU
	EndGlobalSection
	GlobalSection(ProjectConfigurationPlatforms) = postSolution
		{56661862-8320-4C17-9968-F1F706397D7B}.Debug|Any CPU.ActiveCfg = Debug|Any CPU
		{56661862-8320-4C17-9968-F1F706397D7B}.Debug|Any CPU.Build.0 = Debug|Any CPU
		{56661862-8320-4C17-9968-F1F706397D7B}.Release|Any CPU.ActiveCfg = Release|Any CPU
		{56661862-8320-4C17-9968-F1F706397D7B}.Release|Any CPU.Build.0 = Release|Any CPU
	EndGlobalSection
	GlobalSection(SolutionProperties) = preSolution
		HideSolutionNode = FALSE
	EndGlobalSection
	GlobalSection(ExtensibilityGlobals) = postSolution
		SolutionGuid = {CBF1F571-46EC-44CA-A3A9-7B98CC0B5385}
	EndGlobalSection
EndGlobal
