
Microsoft Visual Studio Solution File, Format Version 12.00
# Visual Studio Version 16
VisualStudioVersion = 16.0.30413.136
MinimumVisualStudioVersion = 10.0.40219.1
Project("{FAE04EC0-301F-11D3-BF4B-00C04F79EFBC}") = "МЕГО ТАНКОВЫЙ ПРОЕКТ", "МЕГО ТАНКОВЫЙ ПРОЕКТ\МЕГО ТАНКОВЫЙ ПРОЕКТ.csproj", "{BD398FB4-A139-4370-ABDC-4B2985024AE5}"
EndProject
Global
	GlobalSection(SolutionConfigurationPlatforms) = preSolution
		Debug|Any CPU = Debug|Any CPU
		Release|Any CPU = Release|Any CPU
	EndGlobalSection
	GlobalSection(ProjectConfigurationPlatforms) = postSolution
		{BD398FB4-A139-4370-ABDC-4B2985024AE5}.Debug|Any CPU.ActiveCfg = Debug|Any CPU
		{BD398FB4-A139-4370-ABDC-4B2985024AE5}.Debug|Any CPU.Build.0 = Debug|Any CPU
		{BD398FB4-A139-4370-ABDC-4B2985024AE5}.Release|Any CPU.ActiveCfg = Release|Any CPU
		{BD398FB4-A139-4370-ABDC-4B2985024AE5}.Release|Any CPU.Build.0 = Release|Any CPU
	EndGlobalSection
	GlobalSection(SolutionProperties) = preSolution
		HideSolutionNode = FALSE
	EndGlobalSection
	GlobalSection(ExtensibilityGlobals) = postSolution
		SolutionGuid = {DD47DEB8-3FD8-422A-90AC-8BA2CAB021CF}
	EndGlobalSection
EndGlobal
