
Microsoft Visual Studio Solution File, Format Version 12.00
# Visual Studio Version 16
VisualStudioVersion = 16.0.30413.136
MinimumVisualStudioVersion = 10.0.40219.1
Project("{FAE04EC0-301F-11D3-BF4B-00C04F79EFBC}") = "Бомбер", "Бомбер\Бомбер.csproj", "{A2FC2F10-3C85-4B5E-9274-6AAAF7612874}"
EndProject
Global
	GlobalSection(SolutionConfigurationPlatforms) = preSolution
		Debug|Any CPU = Debug|Any CPU
		Release|Any CPU = Release|Any CPU
	EndGlobalSection
	GlobalSection(ProjectConfigurationPlatforms) = postSolution
		{A2FC2F10-3C85-4B5E-9274-6AAAF7612874}.Debug|Any CPU.ActiveCfg = Debug|Any CPU
		{A2FC2F10-3C85-4B5E-9274-6AAAF7612874}.Debug|Any CPU.Build.0 = Debug|Any CPU
		{A2FC2F10-3C85-4B5E-9274-6AAAF7612874}.Release|Any CPU.ActiveCfg = Release|Any CPU
		{A2FC2F10-3C85-4B5E-9274-6AAAF7612874}.Release|Any CPU.Build.0 = Release|Any CPU
	EndGlobalSection
	GlobalSection(SolutionProperties) = preSolution
		HideSolutionNode = FALSE
	EndGlobalSection
	GlobalSection(ExtensibilityGlobals) = postSolution
		SolutionGuid = {E81C894D-EBC3-43D0-86BE-8058788607FB}
	EndGlobalSection
EndGlobal
