
Microsoft Visual Studio Solution File, Format Version 12.00
# Visual Studio Version 16
VisualStudioVersion = 16.0.30413.136
MinimumVisualStudioVersion = 10.0.40219.1
Project("{FAE04EC0-301F-11D3-BF4B-00C04F79EFBC}") = "rider", "rider\rider.csproj", "{77A8E14B-8FE4-4F84-9077-E7A809E38C8B}"
EndProject
Global
	GlobalSection(SolutionConfigurationPlatforms) = preSolution
		Debug|Any CPU = Debug|Any CPU
		Release|Any CPU = Release|Any CPU
	EndGlobalSection
	GlobalSection(ProjectConfigurationPlatforms) = postSolution
		{77A8E14B-8FE4-4F84-9077-E7A809E38C8B}.Debug|Any CPU.ActiveCfg = Debug|Any CPU
		{77A8E14B-8FE4-4F84-9077-E7A809E38C8B}.Debug|Any CPU.Build.0 = Debug|Any CPU
		{77A8E14B-8FE4-4F84-9077-E7A809E38C8B}.Release|Any CPU.ActiveCfg = Release|Any CPU
		{77A8E14B-8FE4-4F84-9077-E7A809E38C8B}.Release|Any CPU.Build.0 = Release|Any CPU
	EndGlobalSection
	GlobalSection(SolutionProperties) = preSolution
		HideSolutionNode = FALSE
	EndGlobalSection
	GlobalSection(ExtensibilityGlobals) = postSolution
		SolutionGuid = {2726AC05-E9CA-44D4-8C6B-4D126BDB6F2D}
	EndGlobalSection
EndGlobal
