
Microsoft Visual Studio Solution File, Format Version 12.00
# Visual Studio Version 16
VisualStudioVersion = 16.0.30413.136
MinimumVisualStudioVersion = 10.0.40219.1
Project("{FAE04EC0-301F-11D3-BF4B-00C04F79EFBC}") = "Railroad_Paint", "Railroad_Paint\Railroad_Paint.csproj", "{77036195-72CD-4D08-8C96-C9A59C89BE6B}"
EndProject
Global
	GlobalSection(SolutionConfigurationPlatforms) = preSolution
		Debug|Any CPU = Debug|Any CPU
		Release|Any CPU = Release|Any CPU
	EndGlobalSection
	GlobalSection(ProjectConfigurationPlatforms) = postSolution
		{77036195-72CD-4D08-8C96-C9A59C89BE6B}.Debug|Any CPU.ActiveCfg = Debug|Any CPU
		{77036195-72CD-4D08-8C96-C9A59C89BE6B}.Debug|Any CPU.Build.0 = Debug|Any CPU
		{77036195-72CD-4D08-8C96-C9A59C89BE6B}.Release|Any CPU.ActiveCfg = Release|Any CPU
		{77036195-72CD-4D08-8C96-C9A59C89BE6B}.Release|Any CPU.Build.0 = Release|Any CPU
	EndGlobalSection
	GlobalSection(SolutionProperties) = preSolution
		HideSolutionNode = FALSE
	EndGlobalSection
	GlobalSection(ExtensibilityGlobals) = postSolution
		SolutionGuid = {04C7D36A-4123-48D5-ACC5-487AD14D1165}
	EndGlobalSection
EndGlobal
