
Microsoft Visual Studio Solution File, Format Version 12.00
# Visual Studio Version 16
VisualStudioVersion = 16.0.30413.136
MinimumVisualStudioVersion = 10.0.40219.1
Project("{FAE04EC0-301F-11D3-BF4B-00C04F79EFBC}") = "The Lord Of The Rings", "The Lord Of The Rings\The Lord Of The Rings.csproj", "{D5C9A5ED-F5D3-45A0-AB36-F05AB216C1D0}"
EndProject
Global
	GlobalSection(SolutionConfigurationPlatforms) = preSolution
		Debug|Any CPU = Debug|Any CPU
		Release|Any CPU = Release|Any CPU
	EndGlobalSection
	GlobalSection(ProjectConfigurationPlatforms) = postSolution
		{D5C9A5ED-F5D3-45A0-AB36-F05AB216C1D0}.Debug|Any CPU.ActiveCfg = Debug|Any CPU
		{D5C9A5ED-F5D3-45A0-AB36-F05AB216C1D0}.Debug|Any CPU.Build.0 = Debug|Any CPU
		{D5C9A5ED-F5D3-45A0-AB36-F05AB216C1D0}.Release|Any CPU.ActiveCfg = Release|Any CPU
		{D5C9A5ED-F5D3-45A0-AB36-F05AB216C1D0}.Release|Any CPU.Build.0 = Release|Any CPU
	EndGlobalSection
	GlobalSection(SolutionProperties) = preSolution
		HideSolutionNode = FALSE
	EndGlobalSection
	GlobalSection(ExtensibilityGlobals) = postSolution
		SolutionGuid = {F18F7F91-4EFA-4FF0-9074-26A535E223A1}
	EndGlobalSection
EndGlobal
