
Microsoft Visual Studio Solution File, Format Version 12.00
# Visual Studio Version 16
VisualStudioVersion = 16.0.30413.136
MinimumVisualStudioVersion = 10.0.40219.1
Project("{FAE04EC0-301F-11D3-BF4B-00C04F79EFBC}") = "задача с угадываньем числа", "задача с угадываньем числа\задача с угадываньем числа.csproj", "{086C8A0D-D867-43A6-B901-C967BEDEA2AE}"
EndProject
Global
	GlobalSection(SolutionConfigurationPlatforms) = preSolution
		Debug|Any CPU = Debug|Any CPU
		Release|Any CPU = Release|Any CPU
	EndGlobalSection
	GlobalSection(ProjectConfigurationPlatforms) = postSolution
		{086C8A0D-D867-43A6-B901-C967BEDEA2AE}.Debug|Any CPU.ActiveCfg = Debug|Any CPU
		{086C8A0D-D867-43A6-B901-C967BEDEA2AE}.Debug|Any CPU.Build.0 = Debug|Any CPU
		{086C8A0D-D867-43A6-B901-C967BEDEA2AE}.Release|Any CPU.ActiveCfg = Release|Any CPU
		{086C8A0D-D867-43A6-B901-C967BEDEA2AE}.Release|Any CPU.Build.0 = Release|Any CPU
	EndGlobalSection
	GlobalSection(SolutionProperties) = preSolution
		HideSolutionNode = FALSE
	EndGlobalSection
	GlobalSection(ExtensibilityGlobals) = postSolution
		SolutionGuid = {9F9C0F85-16D9-4764-B985-098BF7E768AF}
	EndGlobalSection
EndGlobal
