
Microsoft Visual Studio Solution File, Format Version 12.00
# Visual Studio Version 16
VisualStudioVersion = 16.0.30413.136
MinimumVisualStudioVersion = 10.0.40219.1
Project("{FAE04EC0-301F-11D3-BF4B-00C04F79EFBC}") = "homevork_2", "homevork_2\homevork_2.csproj", "{08730B57-4D7F-4FEA-A3DC-75A8C3DA69ED}"
EndProject
Global
	GlobalSection(SolutionConfigurationPlatforms) = preSolution
		Debug|Any CPU = Debug|Any CPU
		Release|Any CPU = Release|Any CPU
	EndGlobalSection
	GlobalSection(ProjectConfigurationPlatforms) = postSolution
		{08730B57-4D7F-4FEA-A3DC-75A8C3DA69ED}.Debug|Any CPU.ActiveCfg = Debug|Any CPU
		{08730B57-4D7F-4FEA-A3DC-75A8C3DA69ED}.Debug|Any CPU.Build.0 = Debug|Any CPU
		{08730B57-4D7F-4FEA-A3DC-75A8C3DA69ED}.Release|Any CPU.ActiveCfg = Release|Any CPU
		{08730B57-4D7F-4FEA-A3DC-75A8C3DA69ED}.Release|Any CPU.Build.0 = Release|Any CPU
	EndGlobalSection
	GlobalSection(SolutionProperties) = preSolution
		HideSolutionNode = FALSE
	EndGlobalSection
	GlobalSection(ExtensibilityGlobals) = postSolution
		SolutionGuid = {A6B5E44C-9D0A-44A0-AE71-9F3B21ED9A4A}
	EndGlobalSection
EndGlobal
