
Microsoft Visual Studio Solution File, Format Version 12.00
# Visual Studio Version 16
VisualStudioVersion = 16.0.30011.22
MinimumVisualStudioVersion = 10.0.40219.1
Project("{FAE04EC0-301F-11D3-BF4B-00C04F79EFBC}") = "Списки1", "Списки1\Списки1.csproj", "{59EF6F42-EEDF-491A-8571-3F2F0C514561}"
EndProject
Global
	GlobalSection(SolutionConfigurationPlatforms) = preSolution
		Debug|Any CPU = Debug|Any CPU
		Release|Any CPU = Release|Any CPU
	EndGlobalSection
	GlobalSection(ProjectConfigurationPlatforms) = postSolution
		{59EF6F42-EEDF-491A-8571-3F2F0C514561}.Debug|Any CPU.ActiveCfg = Debug|Any CPU
		{59EF6F42-EEDF-491A-8571-3F2F0C514561}.Debug|Any CPU.Build.0 = Debug|Any CPU
		{59EF6F42-EEDF-491A-8571-3F2F0C514561}.Release|Any CPU.ActiveCfg = Release|Any CPU
		{59EF6F42-EEDF-491A-8571-3F2F0C514561}.Release|Any CPU.Build.0 = Release|Any CPU
	EndGlobalSection
	GlobalSection(SolutionProperties) = preSolution
		HideSolutionNode = FALSE
	EndGlobalSection
	GlobalSection(ExtensibilityGlobals) = postSolution
		SolutionGuid = {C160907C-9F18-4F28-B2F2-2CBC92F3B089}
	EndGlobalSection
EndGlobal
